// !$*UTF8*$!
{
	archiveVersion = 1;
	classes = {
	};
	objectVersion = 46;
	objects = {

/* Begin PBXBuildFile section */
		BC838AA71AFC29BA000C32FF /* main.m in Sources */ = {isa = PBXBuildFile; fileRef = BC838AA61AFC29BA000C32FF /* main.m */; };
		BC838AAA1AFC29BA000C32FF /* AppDelegate.m in Sources */ = {isa = PBXBuildFile; fileRef = BC838AA91AFC29BA000C32FF /* AppDelegate.m */; };
		BC838AAD1AFC29BA000C32FF /* ViewController.m in Sources */ = {isa = PBXBuildFile; fileRef = BC838AAC1AFC29BA000C32FF /* ViewController.m */; };
		BC838AB01AFC29BA000C32FF /* Main.storyboard in Resources */ = {isa = PBXBuildFile; fileRef = BC838AAE1AFC29BA000C32FF /* Main.storyboard */; };
		BC838AB21AFC29BA000C32FF /* Images.xcassets in Resources */ = {isa = PBXBuildFile; fileRef = BC838AB11AFC29BA000C32FF /* Images.xcassets */; };
		BC838AB51AFC29BA000C32FF /* LaunchScreen.xib in Resources */ = {isa = PBXBuildFile; fileRef = BC838AB31AFC29BA000C32FF /* LaunchScreen.xib */; };
		BC838AC11AFC29BA000C32FF /* TechMeetupsTests.m in Sources */ = {isa = PBXBuildFile; fileRef = BC838AC01AFC29BA000C32FF /* TechMeetupsTests.m */; };
		BC838ACC1AFC2BCF000C32FF /* TNDMeetupAPIClient.m in Sources */ = {isa = PBXBuildFile; fileRef = BC838ACB1AFC2BCF000C32FF /* TNDMeetupAPIClient.m */; };
/* End PBXBuildFile section */

/* Begin PBXContainerItemProxy section */
		BC838ABB1AFC29BA000C32FF /* PBXContainerItemProxy */ = {
			isa = PBXContainerItemProxy;
			containerPortal = BC838A991AFC29BA000C32FF /* Project object */;
			proxyType = 1;
			remoteGlobalIDString = BC838AA01AFC29BA000C32FF;
			remoteInfo = TechMeetups;
		};
/* End PBXContainerItemProxy section */

/* Begin PBXFileReference section */
		BC838AA11AFC29BA000C32FF /* TechMeetups.app */ = {isa = PBXFileReference; explicitFileType = wrapper.application; includeInIndex = 0; path = TechMeetups.app; sourceTree = BUILT_PRODUCTS_DIR; };
		BC838AA51AFC29BA000C32FF /* Info.plist */ = {isa = PBXFileReference; lastKnownFileType = text.plist.xml; path = Info.plist; sourceTree = "<group>"; };
		BC838AA61AFC29BA000C32FF /* main.m */ = {isa = PBXFileReference; lastKnownFileType = sourcecode.c.objc; path = main.m; sourceTree = "<group>"; };
		BC838AA81AFC29BA000C32FF /* AppDelegate.h */ = {isa = PBXFileReference; lastKnownFileType = sourcecode.c.h; path = AppDelegate.h; sourceTree = "<group>"; };
		BC838AA91AFC29BA000C32FF /* AppDelegate.m */ = {isa = PBXFileReference; lastKnownFileType = sourcecode.c.objc; path = AppDelegate.m; sourceTree = "<group>"; };
		BC838AAB1AFC29BA000C32FF /* ViewController.h */ = {isa = PBXFileReference; lastKnownFileType = sourcecode.c.h; path = ViewController.h; sourceTree = "<group>"; };
		BC838AAC1AFC29BA000C32FF /* ViewController.m */ = {isa = PBXFileReference; lastKnownFileType = sourcecode.c.objc; path = ViewController.m; sourceTree = "<group>"; };
		BC838AAF1AFC29BA000C32FF /* Base */ = {isa = PBXFileReference; lastKnownFileType = file.storyboard; name = Base; path = Base.lproj/Main.storyboard; sourceTree = "<group>"; };
		BC838AB11AFC29BA000C32FF /* Images.xcassets */ = {isa = PBXFileReference; lastKnownFileType = folder.assetcatalog; path = Images.xcassets; sourceTree = "<group>"; };
		BC838AB41AFC29BA000C32FF /* Base */ = {isa = PBXFileReference; lastKnownFileType = file.xib; name = Base; path = Base.lproj/LaunchScreen.xib; sourceTree = "<group>"; };
		BC838ABA1AFC29BA000C32FF /* TechMeetupsTests.xctest */ = {isa = PBXFileReference; explicitFileType = wrapper.cfbundle; includeInIndex = 0; path = TechMeetupsTests.xctest; sourceTree = BUILT_PRODUCTS_DIR; };
		BC838ABF1AFC29BA000C32FF /* Info.plist */ = {isa = PBXFileReference; lastKnownFileType = text.plist.xml; path = Info.plist; sourceTree = "<group>"; };
		BC838AC01AFC29BA000C32FF /* TechMeetupsTests.m */ = {isa = PBXFileReference; lastKnownFileType = sourcecode.c.objc; path = TechMeetupsTests.m; sourceTree = "<group>"; };
		BC838ACA1AFC2BCF000C32FF /* TNDMeetupAPIClient.h */ = {isa = PBXFileReference; fileEncoding = 4; lastKnownFileType = sourcecode.c.h; path = TNDMeetupAPIClient.h; sourceTree = "<group>"; };
		BC838ACB1AFC2BCF000C32FF /* TNDMeetupAPIClient.m */ = {isa = PBXFileReference; fileEncoding = 4; lastKnownFileType = sourcecode.c.objc; path = TNDMeetupAPIClient.m; sourceTree = "<group>"; };
/* End PBXFileReference section */

/* Begin PBXFrameworksBuildPhase section */
		BC838A9E1AFC29BA000C32FF /* Frameworks */ = {
			isa = PBXFrameworksBuildPhase;
			buildActionMask = 2147483647;
			files = (
			);
			runOnlyForDeploymentPostprocessing = 0;
		};
		BC838AB71AFC29BA000C32FF /* Frameworks */ = {
			isa = PBXFrameworksBuildPhase;
			buildActionMask = 2147483647;
			files = (
			);
			runOnlyForDeploymentPostprocessing = 0;
		};
/* End PBXFrameworksBuildPhase section */

/* Begin PBXGroup section */
		BC838A981AFC29BA000C32FF = {
			isa = PBXGroup;
			children = (
				BC838AA31AFC29BA000C32FF /* TechMeetups */,
				BC838ABD1AFC29BA000C32FF /* TechMeetupsTests */,
				BC838AA21AFC29BA000C32FF /* Products */,
			);
			sourceTree = "<group>";
		};
		BC838AA21AFC29BA000C32FF /* Products */ = {
			isa = PBXGroup;
			children = (
				BC838AA11AFC29BA000C32FF /* TechMeetups.app */,
				BC838ABA1AFC29BA000C32FF /* TechMeetupsTests.xctest */,
			);
			name = Products;
			sourceTree = "<group>";
		};
		BC838AA31AFC29BA000C32FF /* TechMeetups */ = {
			isa = PBXGroup;
			children = (
				BC838AA81AFC29BA000C32FF /* AppDelegate.h */,
				BC838AA91AFC29BA000C32FF /* AppDelegate.m */,
				BC838AAB1AFC29BA000C32FF /* ViewController.h */,
				BC838AAC1AFC29BA000C32FF /* ViewController.m */,
				BC838ACA1AFC2BCF000C32FF /* TNDMeetupAPIClient.h */,
				BC838ACB1AFC2BCF000C32FF /* TNDMeetupAPIClient.m */,
				BC838AAE1AFC29BA000C32FF /* Main.storyboard */,
				BC838AB11AFC29BA000C32FF /* Images.xcassets */,
				BC838AB31AFC29BA000C32FF /* LaunchScreen.xib */,
				BC838AA41AFC29BA000C32FF /* Supporting Files */,
			);
			path = TechMeetups;
			sourceTree = "<group>";
		};
		BC838AA41AFC29BA000C32FF /* Supporting Files */ = {
			isa = PBXGroup;
			children = (
				BC838AA51AFC29BA000C32FF /* Info.plist */,
				BC838AA61AFC29BA000C32FF /* main.m */,
			);
			name = "Supporting Files";
			sourceTree = "<group>";
		};
		BC838ABD1AFC29BA000C32FF /* TechMeetupsTests */ = {
			isa = PBXGroup;
			children = (
				BC838AC01AFC29BA000C32FF /* TechMeetupsTests.m */,
				BC838ABE1AFC29BA000C32FF /* Supporting Files */,
			);
			path = TechMeetupsTests;
			sourceTree = "<group>";
		};
		BC838ABE1AFC29BA000C32FF /* Supporting Files */ = {
			isa = PBXGroup;
			children = (
				BC838ABF1AFC29BA000C32FF /* Info.plist */,
			);
			name = "Supporting Files";
			sourceTree = "<group>";
		};
/* End PBXGroup section */

/* Begin PBXNativeTarget section */
		BC838AA01AFC29BA000C32FF /* TechMeetups */ = {
			isa = PBXNativeTarget;
			buildConfigurationList = BC838AC41AFC29BA000C32FF /* Build configuration list for PBXNativeTarget "TechMeetups" */;
			buildPhases = (
				BC838A9D1AFC29BA000C32FF /* Sources */,
				BC838A9E1AFC29BA000C32FF /* Frameworks */,
				BC838A9F1AFC29BA000C32FF /* Resources */,
			);
			buildRules = (
			);
			dependencies = (
			);
			name = TechMeetups;
			productName = TechMeetups;
			productReference = BC838AA11AFC29BA000C32FF /* TechMeetups.app */;
			productType = "com.apple.product-type.application";
		};
		BC838AB91AFC29BA000C32FF /* TechMeetupsTests */ = {
			isa = PBXNativeTarget;
			buildConfigurationList = BC838AC71AFC29BA000C32FF /* Build configuration list for PBXNativeTarget "TechMeetupsTests" */;
			buildPhases = (
				BC838AB61AFC29BA000C32FF /* Sources */,
				BC838AB71AFC29BA000C32FF /* Frameworks */,
				BC838AB81AFC29BA000C32FF /* Resources */,
			);
			buildRules = (
			);
			dependencies = (
				BC838ABC1AFC29BA000C32FF /* PBXTargetDependency */,
			);
			name = TechMeetupsTests;
			productName = TechMeetupsTests;
			productReference = BC838ABA1AFC29BA000C32FF /* TechMeetupsTests.xctest */;
			productType = "com.apple.product-type.bundle.unit-test";
		};
/* End PBXNativeTarget section */

/* Begin PBXProject section */
		BC838A991AFC29BA000C32FF /* Project object */ = {
			isa = PBXProject;
			attributes = {
				LastUpgradeCheck = 0630;
				ORGANIZATIONNAME = "Nicolas Rizk";
				TargetAttributes = {
					BC838AA01AFC29BA000C32FF = {
						CreatedOnToolsVersion = 6.3;
					};
					BC838AB91AFC29BA000C32FF = {
						CreatedOnToolsVersion = 6.3;
						TestTargetID = BC838AA01AFC29BA000C32FF;
					};
				};
			};
			buildConfigurationList = BC838A9C1AFC29BA000C32FF /* Build configuration list for PBXProject "TechMeetups" */;
			compatibilityVersion = "Xcode 3.2";
			developmentRegion = English;
			hasScannedForEncodings = 0;
			knownRegions = (
				en,
				Base,
			);
			mainGroup = BC838A981AFC29BA000C32FF;
			productRefGroup = BC838AA21AFC29BA000C32FF /* Products */;
			projectDirPath = "";
			projectRoot = "";
			targets = (
				BC838AA01AFC29BA000C32FF /* TechMeetups */,
				BC838AB91AFC29BA000C32FF /* TechMeetupsTests */,
			);
		};
/* End PBXProject section */

/* Begin PBXResourcesBuildPhase section */
		BC838A9F1AFC29BA000C32FF /* Resources */ = {
			isa = PBXResourcesBuildPhase;
			buildActionMask = 2147483647;
			files = (
				BC838AB01AFC29BA000C32FF /* Main.storyboard in Resources */,
				BC838AB51AFC29BA000C32FF /* LaunchScreen.xib in Resources */,
				BC838AB21AFC29BA000C32FF /* Images.xcassets in Resources */,
			);
			runOnlyForDeploymentPostprocessing = 0;
		};
		BC838AB81AFC29BA000C32FF /* Resources */ = {
			isa = PBXResourcesBuildPhase;
			buildActionMask = 2147483647;
			files = (
			);
			runOnlyForDeploymentPostprocessing = 0;
		};
/* End PBXResourcesBuildPhase section */

/* Begin PBXSourcesBuildPhase section */
		BC838A9D1AFC29BA000C32FF /* Sources */ = {
			isa = PBXSourcesBuildPhase;
			buildActionMask = 2147483647;
			files = (
				BC838AAD1AFC29BA000C32FF /* ViewController.m in Sources */,
				BC838AAA1AFC29BA000C32FF /* AppDelegate.m in Sources */,
				BC838ACC1AFC2BCF000C32FF /* TNDMeetupAPIClient.m in Sources */,
				BC838AA71AFC29BA000C32FF /* main.m in Sources */,
			);
			runOnlyForDeploymentPostprocessing = 0;
		};
		BC838AB61AFC29BA000C32FF /* Sources */ = {
			isa = PBXSourcesBuildPhase;
			buildActionMask = 2147483647;
			files = (
				BC838AC11AFC29BA000C32FF /* TechMeetupsTests.m in Sources */,
			);
			runOnlyForDeploymentPostprocessing = 0;
		};
/* End PBXSourcesBuildPhase section */

/* Begin PBXTargetDependency section */
		BC838ABC1AFC29BA000C32FF /* PBXTargetDependency */ = {
			isa = PBXTargetDependency;
			target = BC838AA01AFC29BA000C32FF /* TechMeetups */;
			targetProxy = BC838ABB1AFC29BA000C32FF /* PBXContainerItemProxy */;
		};
/* End PBXTargetDependency section */

/* Begin PBXVariantGroup section */
		BC838AAE1AFC29BA000C32FF /* Main.storyboard */ = {
			isa = PBXVariantGroup;
			children = (
				BC838AAF1AFC29BA000C32FF /* Base */,
			);
			name = Main.storyboard;
			sourceTree = "<group>";
		};
		BC838AB31AFC29BA000C32FF /* LaunchScreen.xib */ = {
			isa = PBXVariantGroup;
			children = (
				BC838AB41AFC29BA000C32FF /* Base */,
			);
			name = LaunchScreen.xib;
			sourceTree = "<group>";
		};
/* End PBXVariantGroup section */

/* Begin XCBuildConfiguration section */
		BC838AC21AFC29BA000C32FF /* Debug */ = {
			isa = XCBuildConfiguration;
			buildSettings = {
				ALWAYS_SEARCH_USER_PATHS = NO;
				CLANG_CXX_LANGUAGE_STANDARD = "gnu++0x";
				CLANG_CXX_LIBRARY = "libc++";
				CLANG_ENABLE_MODULES = YES;
				CLANG_ENABLE_OBJC_ARC = YES;
				CLANG_WARN_BOOL_CONVERSION = YES;
				CLANG_WARN_CONSTANT_CONVERSION = YES;
				CLANG_WARN_DIRECT_OBJC_ISA_USAGE = YES_ERROR;
				CLANG_WARN_EMPTY_BODY = YES;
				CLANG_WARN_ENUM_CONVERSION = YES;
				CLANG_WARN_INT_CONVERSION = YES;
				CLANG_WARN_OBJC_ROOT_CLASS = YES_ERROR;
				CLANG_WARN_UNREACHABLE_CODE = YES;
				CLANG_WARN__DUPLICATE_METHOD_MATCH = YES;
				"CODE_SIGN_IDENTITY[sdk=iphoneos*]" = "iPhone Developer";
				COPY_PHASE_STRIP = NO;
				DEBUG_INFORMATION_FORMAT = "dwarf-with-dsym";
				ENABLE_STRICT_OBJC_MSGSEND = YES;
				GCC_C_LANGUAGE_STANDARD = gnu99;
				GCC_DYNAMIC_NO_PIC = NO;
				GCC_NO_COMMON_BLOCKS = YES;
				GCC_OPTIMIZATION_LEVEL = 0;
				GCC_PREPROCESSOR_DEFINITIONS = (
					"DEBUG=1",
					"$(inherited)",
				);
				GCC_SYMBOLS_PRIVATE_EXTERN = NO;
				GCC_WARN_64_TO_32_BIT_CONVERSION = YES;
				GCC_WARN_ABOUT_RETURN_TYPE = YES_ERROR;
				GCC_WARN_UNDECLARED_SELECTOR = YES;
				GCC_WARN_UNINITIALIZED_AUTOS = YES_AGGRESSIVE;
				GCC_WARN_UNUSED_FUNCTION = YES;
				GCC_WARN_UNUSED_VARIABLE = YES;
				IPHONEOS_DEPLOYMENT_TARGET = 8.3;
				MTL_ENABLE_DEBUG_INFO = YES;
				ONLY_ACTIVE_ARCH = YES;
				SDKROOT = iphoneos;
			};
			name = Debug;
		};
		BC838AC31AFC29BA000C32FF /* Release */ = {
			isa = XCBuildConfiguration;
			buildSettings = {
				ALWAYS_SEARCH_USER_PATHS = NO;
				CLANG_CXX_LANGUAGE_STANDARD = "gnu++0x";
				CLANG_CXX_LIBRARY = "libc++";
				CLANG_ENABLE_MODULES = YES;
				CLANG_ENABLE_OBJC_ARC = YES;
				CLANG_WARN_BOOL_CONVERSION = YES;
				CLANG_WARN_CONSTANT_CONVERSION = YES;
				CLANG_WARN_DIRECT_OBJC_ISA_USAGE = YES_ERROR;
				CLANG_WARN_EMPTY_BODY = YES;
				CLANG_WARN_ENUM_CONVERSION = YES;
				CLANG_WARN_INT_CONVERSION = YES;
				CLANG_WARN_OBJC_ROOT_CLASS = YES_ERROR;
				CLANG_WARN_UNREACHABLE_CODE = YES;
				CLANG_WARN__DUPLICATE_METHOD_MATCH = YES;
				"CODE_SIGN_IDENTITY[sdk=iphoneos*]" = "iPhone Developer";
				COPY_PHASE_STRIP = NO;
				DEBUG_INFORMATION_FORMAT = "dwarf-with-dsym";
				ENABLE_NS_ASSERTIONS = NO;
				ENABLE_STRICT_OBJC_MSGSEND = YES;
				GCC_C_LANGUAGE_STANDARD = gnu99;
				GCC_NO_COMMON_BLOCKS = YES;
				GCC_WARN_64_TO_32_BIT_CONVERSION = YES;
				GCC_WARN_ABOUT_RETURN_TYPE = YES_ERROR;
				GCC_WARN_UNDECLARED_SELECTOR = YES;
				GCC_WARN_UNINITIALIZED_AUTOS = YES_AGGRESSIVE;
				GCC_WARN_UNUSED_FUNCTION = YES;
				GCC_WARN_UNUSED_VARIABLE = YES;
				IPHONEOS_DEPLOYMENT_TARGET = 8.3;
				MTL_ENABLE_DEBUG_INFO = NO;
				SDKROOT = iphoneos;
				VALIDATE_PRODUCT = YES;
			};
			name = Release;
		};
		BC838AC51AFC29BA000C32FF /* Debug */ = {
			isa = XCBuildConfiguration;
			buildSettings = {
				ASSETCATALOG_COMPILER_APPICON_NAME = AppIcon;
				INFOPLIST_FILE = TechMeetups/Info.plist;
				LD_RUNPATH_SEARCH_PATHS = "$(inherited) @executable_path/Frameworks";
				PRODUCT_NAME = "$(TARGET_NAME)";
			};
			name = Debug;
		};
		BC838AC61AFC29BA000C32FF /* Release */ = {
			isa = XCBuildConfiguration;
			buildSettings = {
				ASSETCATALOG_COMPILER_APPICON_NAME = AppIcon;
				INFOPLIST_FILE = TechMeetups/Info.plist;
				LD_RUNPATH_SEARCH_PATHS = "$(inherited) @executable_path/Frameworks";
				PRODUCT_NAME = "$(TARGET_NAME)";
			};
			name = Release;
		};
		BC838AC81AFC29BA000C32FF /* Debug */ = {
			isa = XCBuildConfiguration;
			buildSettings = {
				BUNDLE_LOADER = "$(TEST_HOST)";
				FRAMEWORK_SEARCH_PATHS = (
					"$(SDKROOT)/Developer/Library/Frameworks",
					"$(inherited)",
				);
				GCC_PREPROCESSOR_DEFINITIONS = (
					"DEBUG=1",
					"$(inherited)",
				);
				INFOPLIST_FILE = TechMeetupsTests/Info.plist;
				LD_RUNPATH_SEARCH_PATHS = "$(inherited) @executable_path/Frameworks @loader_path/Frameworks";
				PRODUCT_NAME = "$(TARGET_NAME)";
				TEST_HOST = "$(BUILT_PRODUCTS_DIR)/TechMeetups.app/TechMeetups";
			};
			name = Debug;
		};
		BC838AC91AFC29BA000C32FF /* Release */ = {
			isa = XCBuildConfiguration;
			buildSettings = {
				BUNDLE_LOADER = "$(TEST_HOST)";
				FRAMEWORK_SEARCH_PATHS = (
					"$(SDKROOT)/Developer/Library/Frameworks",
					"$(inherited)",
				);
				INFOPLIST_FILE = TechMeetupsTests/Info.plist;
				LD_RUNPATH_SEARCH_PATHS = "$(inherited) @executable_path/Frameworks @loader_path/Frameworks";
				PRODUCT_NAME = "$(TARGET_NAME)";
				TEST_HOST = "$(BUILT_PRODUCTS_DIR)/TechMeetups.app/TechMeetups";
			};
			name = Release;
		};
/* End XCBuildConfiguration section */

/* Begin XCConfigurationList section */
		BC838A9C1AFC29BA000C32FF /* Build configuration list for PBXProject "TechMeetups" */ = {
			isa = XCConfigurationList;
			buildConfigurations = (
				BC838AC21AFC29BA000C32FF /* Debug */,
				BC838AC31AFC29BA000C32FF /* Release */,
			);
			defaultConfigurationIsVisible = 0;
			defaultConfigurationName = Release;
		};
		BC838AC41AFC29BA000C32FF /* Build configuration list for PBXNativeTarget "TechMeetups" */ = {
			isa = XCConfigurationList;
			buildConfigurations = (
				BC838AC51AFC29BA000C32FF /* Debug */,
				BC838AC61AFC29BA000C32FF /* Release */,
			);
			defaultConfigurationIsVisible = 0;
		};
		BC838AC71AFC29BA000C32FF /* Build configuration list for PBXNativeTarget "TechMeetupsTests" */ = {
			isa = XCConfigurationList;
			buildConfigurations = (
				BC838AC81AFC29BA000C32FF /* Debug */,
				BC838AC91AFC29BA000C32FF /* Release */,
			);
			defaultConfigurationIsVisible = 0;
		};
/* End XCConfigurationList section */
	};
	rootObject = BC838A991AFC29BA000C32FF /* Project object */;
}
